# This file is automatically @generated by Cargo.
# It is not intended for manual editing.
version = 4

[[package]]
name = "entropy"
version = "0.4.2"
source = "registry+https://github.com/rust-lang/crates.io-index"
checksum = "d68716e45ef572f351be6fad93a7bbf35242b4289a2ff75434032e5d73d74cc2"

[[package]]
name = "entropyviz2"
version = "0.1.0"
dependencies = [
 "entropy",
]
